
Microsoft Visual Studio Solution File, Format Version 12.00
# Visual Studio Version 17
VisualStudioVersion = 17.7.34031.279
MinimumVisualStudioVersion = 10.0.40219.1
Project("{2150E333-8FDC-42A3-9474-1A3956D46DE8}") = "Week_2", "Week_2", "{815FC8C9-364A-4112-83C1-7807097D8E78}"
EndProject
Project("{9A19103F-16F7-4668-BE54-9A1E7A4F7556}") = "Week2Study", "Week2Study\Week2Study.csproj", "{7EF1E9E0-2113-46DE-AB93-ADF2241BFA85}"
EndProject
Project("{FAE04EC0-301F-11D3-BF4B-00C04F79EFBC}") = "RecapDemo", "RecapDemo\RecapDemo.csproj", "{E4014051-9A58-47C0-9A1F-F70DA78BE760}"
EndProject
Project("{FAE04EC0-301F-11D3-BF4B-00C04F79EFBC}") = "Interfaces", "Interfaces\Interfaces.csproj", "{A3D114B9-360D-46EE-88F3-7AC6B42B5F08}"
EndProject
Project("{FAE04EC0-301F-11D3-BF4B-00C04F79EFBC}") = "Inheritance", "Inheritance\Inheritance.csproj", "{5EA991AF-B271-44BD-A3F6-50E83B8BF2E8}"
EndProject
Project("{FAE04EC0-301F-11D3-BF4B-00C04F79EFBC}") = "Generics", "Generics\Generics.csproj", "{929E36EC-3111-4327-AECA-CF0DB5307BF3}"
EndProject
Project("{FAE04EC0-301F-11D3-BF4B-00C04F79EFBC}") = "ThreadingDemo", "ThreadingDemo\ThreadingDemo.csproj", "{AEB32F76-3D60-47EE-8411-80A9F6473E6E}"
EndProject
Project("{FAE04EC0-301F-11D3-BF4B-00C04F79EFBC}") = "LinqProject", "LinqProject\LinqProject.csproj", "{90162CA0-4A1F-4552-A7CF-0182EE2365E3}"
EndProject
Project("{2150E333-8FDC-42A3-9474-1A3956D46DE8}") = "KodlamaIo", "KodlamaIo", "{95E31948-2D5E-4950-BCCD-15F6FD5B1451}"
EndProject
Project("{9A19103F-16F7-4668-BE54-9A1E7A4F7556}") = "CrudOperations", "CrudOperations\CrudOperations.csproj", "{966575BD-C168-4F15-82FC-AC5B99F31B41}"
EndProject
Global
	GlobalSection(SolutionConfigurationPlatforms) = preSolution
		Debug|Any CPU = Debug|Any CPU
		Release|Any CPU = Release|Any CPU
	EndGlobalSection
	GlobalSection(ProjectConfigurationPlatforms) = postSolution
		{7EF1E9E0-2113-46DE-AB93-ADF2241BFA85}.Debug|Any CPU.ActiveCfg = Debug|Any CPU
		{7EF1E9E0-2113-46DE-AB93-ADF2241BFA85}.Debug|Any CPU.Build.0 = Debug|Any CPU
		{7EF1E9E0-2113-46DE-AB93-ADF2241BFA85}.Release|Any CPU.ActiveCfg = Release|Any CPU
		{7EF1E9E0-2113-46DE-AB93-ADF2241BFA85}.Release|Any CPU.Build.0 = Release|Any CPU
		{E4014051-9A58-47C0-9A1F-F70DA78BE760}.Debug|Any CPU.ActiveCfg = Debug|Any CPU
		{E4014051-9A58-47C0-9A1F-F70DA78BE760}.Debug|Any CPU.Build.0 = Debug|Any CPU
		{E4014051-9A58-47C0-9A1F-F70DA78BE760}.Release|Any CPU.ActiveCfg = Release|Any CPU
		{E4014051-9A58-47C0-9A1F-F70DA78BE760}.Release|Any CPU.Build.0 = Release|Any CPU
		{A3D114B9-360D-46EE-88F3-7AC6B42B5F08}.Debug|Any CPU.ActiveCfg = Debug|Any CPU
		{A3D114B9-360D-46EE-88F3-7AC6B42B5F08}.Debug|Any CPU.Build.0 = Debug|Any CPU
		{A3D114B9-360D-46EE-88F3-7AC6B42B5F08}.Release|Any CPU.ActiveCfg = Release|Any CPU
		{A3D114B9-360D-46EE-88F3-7AC6B42B5F08}.Release|Any CPU.Build.0 = Release|Any CPU
		{5EA991AF-B271-44BD-A3F6-50E83B8BF2E8}.Debug|Any CPU.ActiveCfg = Debug|Any CPU
		{5EA991AF-B271-44BD-A3F6-50E83B8BF2E8}.Debug|Any CPU.Build.0 = Debug|Any CPU
		{5EA991AF-B271-44BD-A3F6-50E83B8BF2E8}.Release|Any CPU.ActiveCfg = Release|Any CPU
		{5EA991AF-B271-44BD-A3F6-50E83B8BF2E8}.Release|Any CPU.Build.0 = Release|Any CPU
		{929E36EC-3111-4327-AECA-CF0DB5307BF3}.Debug|Any CPU.ActiveCfg = Debug|Any CPU
		{929E36EC-3111-4327-AECA-CF0DB5307BF3}.Debug|Any CPU.Build.0 = Debug|Any CPU
		{929E36EC-3111-4327-AECA-CF0DB5307BF3}.Release|Any CPU.ActiveCfg = Release|Any CPU
		{929E36EC-3111-4327-AECA-CF0DB5307BF3}.Release|Any CPU.Build.0 = Release|Any CPU
		{AEB32F76-3D60-47EE-8411-80A9F6473E6E}.Debug|Any CPU.ActiveCfg = Debug|Any CPU
		{AEB32F76-3D60-47EE-8411-80A9F6473E6E}.Debug|Any CPU.Build.0 = Debug|Any CPU
		{AEB32F76-3D60-47EE-8411-80A9F6473E6E}.Release|Any CPU.ActiveCfg = Release|Any CPU
		{AEB32F76-3D60-47EE-8411-80A9F6473E6E}.Release|Any CPU.Build.0 = Release|Any CPU
		{90162CA0-4A1F-4552-A7CF-0182EE2365E3}.Debug|Any CPU.ActiveCfg = Debug|Any CPU
		{90162CA0-4A1F-4552-A7CF-0182EE2365E3}.Debug|Any CPU.Build.0 = Debug|Any CPU
		{90162CA0-4A1F-4552-A7CF-0182EE2365E3}.Release|Any CPU.ActiveCfg = Release|Any CPU
		{90162CA0-4A1F-4552-A7CF-0182EE2365E3}.Release|Any CPU.Build.0 = Release|Any CPU
		{966575BD-C168-4F15-82FC-AC5B99F31B41}.Debug|Any CPU.ActiveCfg = Debug|Any CPU
		{966575BD-C168-4F15-82FC-AC5B99F31B41}.Debug|Any CPU.Build.0 = Debug|Any CPU
		{966575BD-C168-4F15-82FC-AC5B99F31B41}.Release|Any CPU.ActiveCfg = Release|Any CPU
		{966575BD-C168-4F15-82FC-AC5B99F31B41}.Release|Any CPU.Build.0 = Release|Any CPU
	EndGlobalSection
	GlobalSection(SolutionProperties) = preSolution
		HideSolutionNode = FALSE
	EndGlobalSection
	GlobalSection(NestedProjects) = preSolution
		{7EF1E9E0-2113-46DE-AB93-ADF2241BFA85} = {815FC8C9-364A-4112-83C1-7807097D8E78}
		{E4014051-9A58-47C0-9A1F-F70DA78BE760} = {815FC8C9-364A-4112-83C1-7807097D8E78}
		{A3D114B9-360D-46EE-88F3-7AC6B42B5F08} = {815FC8C9-364A-4112-83C1-7807097D8E78}
		{5EA991AF-B271-44BD-A3F6-50E83B8BF2E8} = {815FC8C9-364A-4112-83C1-7807097D8E78}
		{929E36EC-3111-4327-AECA-CF0DB5307BF3} = {815FC8C9-364A-4112-83C1-7807097D8E78}
		{AEB32F76-3D60-47EE-8411-80A9F6473E6E} = {815FC8C9-364A-4112-83C1-7807097D8E78}
		{90162CA0-4A1F-4552-A7CF-0182EE2365E3} = {815FC8C9-364A-4112-83C1-7807097D8E78}
		{966575BD-C168-4F15-82FC-AC5B99F31B41} = {95E31948-2D5E-4950-BCCD-15F6FD5B1451}
	EndGlobalSection
	GlobalSection(ExtensibilityGlobals) = postSolution
		SolutionGuid = {E7F3FE40-0A69-47D4-AC1A-2D6AAFC4F8F5}
	EndGlobalSection
EndGlobal
